display:
  default:
    display_options:
      exposed_form:
        options:
          submit_button: Toepassen
          reset_button_label: Reset
          exposed_sorts_label: 'Sort by'
          sort_asc_label: Asc
          sort_desc_label: Desc
      fields:
        quantity:
          separator: ', '
        title:
          separator: ', '
        total_price__number:
          separator: ', '
      arguments:
        order_id:
          exception:
            title: Alle
